
Microsoft Visual Studio Solution File, Format Version 12.00
# Visual Studio 15
VisualStudioVersion = 15.0.28307.168
MinimumVisualStudioVersion = 10.0.40219.1
Project("{FAE04EC0-301F-11D3-BF4B-00C04F79EFBC}") = "HelloC", "HelloC\HelloC.csproj", "{7B131BCE-C8C1-4A9B-8CF4-C3D2023DA360}"
EndProject
Project("{FAE04EC0-301F-11D3-BF4B-00C04F79EFBC}") = "TasksLib", "TasksLib\TasksLib.csproj", "{1AE5F8A3-02CD-4C23-AE53-E78586AD92F1}"
EndProject
Project("{FAE04EC0-301F-11D3-BF4B-00C04F79EFBC}") = "TaskClient", "TaskClient\TaskClient.csproj", "{5B770D04-DBD2-4521-AAF8-30BEBC81A2EE}"
EndProject
Project("{FAE04EC0-301F-11D3-BF4B-00C04F79EFBC}") = "WPFTaskClient", "WPFTaskClient\WPFTaskClient.csproj", "{C7778903-9EA4-45CA-987F-0A1638643271}"
EndProject
Project("{FAE04EC0-301F-11D3-BF4B-00C04F79EFBC}") = "DemoDB", "DemoDB\DemoDB.csproj", "{07A981D0-E0F8-4F0C-83BA-DBD3B7DC350D}"
EndProject
Global
	GlobalSection(SolutionConfigurationPlatforms) = preSolution
		Debug|Any CPU = Debug|Any CPU
		Release|Any CPU = Release|Any CPU
	EndGlobalSection
	GlobalSection(ProjectConfigurationPlatforms) = postSolution
		{7B131BCE-C8C1-4A9B-8CF4-C3D2023DA360}.Debug|Any CPU.ActiveCfg = Debug|Any CPU
		{7B131BCE-C8C1-4A9B-8CF4-C3D2023DA360}.Debug|Any CPU.Build.0 = Debug|Any CPU
		{7B131BCE-C8C1-4A9B-8CF4-C3D2023DA360}.Release|Any CPU.ActiveCfg = Release|Any CPU
		{7B131BCE-C8C1-4A9B-8CF4-C3D2023DA360}.Release|Any CPU.Build.0 = Release|Any CPU
		{1AE5F8A3-02CD-4C23-AE53-E78586AD92F1}.Debug|Any CPU.ActiveCfg = Debug|Any CPU
		{1AE5F8A3-02CD-4C23-AE53-E78586AD92F1}.Debug|Any CPU.Build.0 = Debug|Any CPU
		{1AE5F8A3-02CD-4C23-AE53-E78586AD92F1}.Release|Any CPU.ActiveCfg = Release|Any CPU
		{1AE5F8A3-02CD-4C23-AE53-E78586AD92F1}.Release|Any CPU.Build.0 = Release|Any CPU
		{5B770D04-DBD2-4521-AAF8-30BEBC81A2EE}.Debug|Any CPU.ActiveCfg = Debug|Any CPU
		{5B770D04-DBD2-4521-AAF8-30BEBC81A2EE}.Debug|Any CPU.Build.0 = Debug|Any CPU
		{5B770D04-DBD2-4521-AAF8-30BEBC81A2EE}.Release|Any CPU.ActiveCfg = Release|Any CPU
		{5B770D04-DBD2-4521-AAF8-30BEBC81A2EE}.Release|Any CPU.Build.0 = Release|Any CPU
		{C7778903-9EA4-45CA-987F-0A1638643271}.Debug|Any CPU.ActiveCfg = Debug|Any CPU
		{C7778903-9EA4-45CA-987F-0A1638643271}.Debug|Any CPU.Build.0 = Debug|Any CPU
		{C7778903-9EA4-45CA-987F-0A1638643271}.Release|Any CPU.ActiveCfg = Release|Any CPU
		{C7778903-9EA4-45CA-987F-0A1638643271}.Release|Any CPU.Build.0 = Release|Any CPU
		{07A981D0-E0F8-4F0C-83BA-DBD3B7DC350D}.Debug|Any CPU.ActiveCfg = Debug|Any CPU
		{07A981D0-E0F8-4F0C-83BA-DBD3B7DC350D}.Debug|Any CPU.Build.0 = Debug|Any CPU
		{07A981D0-E0F8-4F0C-83BA-DBD3B7DC350D}.Release|Any CPU.ActiveCfg = Release|Any CPU
		{07A981D0-E0F8-4F0C-83BA-DBD3B7DC350D}.Release|Any CPU.Build.0 = Release|Any CPU
	EndGlobalSection
	GlobalSection(SolutionProperties) = preSolution
		HideSolutionNode = FALSE
	EndGlobalSection
	GlobalSection(ExtensibilityGlobals) = postSolution
		SolutionGuid = {E186A35D-5651-4E89-AE19-172914C68E4C}
	EndGlobalSection
EndGlobal
